// !$*UTF8*$!
{
	archiveVersion = 1;
	classes = {
	};
	objectVersion = 46;
	objects = {

/* Begin PBXBuildFile section */
		1D247BE0A2FF8187CE48AB19 /* Pods_Handbook.framework in Frameworks */ = {isa = PBXBuildFile; fileRef = B0DFA950594CB59724F84939 /* Pods_Handbook.framework */; };
		8DA5690D1CC4DA3800B4511E /* EmployeeCell.swift in Sources */ = {isa = PBXBuildFile; fileRef = 8DA5690C1CC4DA3800B4511E /* EmployeeCell.swift */; };
		8DA5690F1CC4DCC500B4511E /* EmployeeTableViewController.swift in Sources */ = {isa = PBXBuildFile; fileRef = 8DA5690E1CC4DCC500B4511E /* EmployeeTableViewController.swift */; };
		8DE4EE9B1CC41D4B00FABE5C /* Structures.swift in Sources */ = {isa = PBXBuildFile; fileRef = 8DE4EE9A1CC41D4B00FABE5C /* Structures.swift */; };
		8DEC16E71CAF2207004F87B3 /* AppDelegate.swift in Sources */ = {isa = PBXBuildFile; fileRef = 8DEC16E61CAF2207004F87B3 /* AppDelegate.swift */; };
		8DEC16EC1CAF2207004F87B3 /* Main.storyboard in Resources */ = {isa = PBXBuildFile; fileRef = 8DEC16EA1CAF2207004F87B3 /* Main.storyboard */; };
		8DEC16EE1CAF2207004F87B3 /* Assets.xcassets in Resources */ = {isa = PBXBuildFile; fileRef = 8DEC16ED1CAF2207004F87B3 /* Assets.xcassets */; };
		8DEC16F11CAF2207004F87B3 /* LaunchScreen.storyboard in Resources */ = {isa = PBXBuildFile; fileRef = 8DEC16EF1CAF2207004F87B3 /* LaunchScreen.storyboard */; };
		8DEC16FC1CAF2207004F87B3 /* HandbookTests.swift in Sources */ = {isa = PBXBuildFile; fileRef = 8DEC16FB1CAF2207004F87B3 /* HandbookTests.swift */; };
		8DEC17071CB11C0A004F87B3 /* HandbookTableViewController.swift in Sources */ = {isa = PBXBuildFile; fileRef = 8DEC17061CB11C09004F87B3 /* HandbookTableViewController.swift */; };
		8DEC170B1CB12EED004F87B3 /* SettingsTableViewController.swift in Sources */ = {isa = PBXBuildFile; fileRef = 8DEC170A1CB12EED004F87B3 /* SettingsTableViewController.swift */; };
		8DEC17101CB137F6004F87B3 /* Misc.swift in Sources */ = {isa = PBXBuildFile; fileRef = 8DEC170F1CB137F6004F87B3 /* Misc.swift */; };
		8DEC17121CB139BD004F87B3 /* RegistrationViewController.swift in Sources */ = {isa = PBXBuildFile; fileRef = 8DEC17111CB139BD004F87B3 /* RegistrationViewController.swift */; };
		8DEC17141CB13C9C004F87B3 /* Colors.swift in Sources */ = {isa = PBXBuildFile; fileRef = 8DEC17131CB13C9C004F87B3 /* Colors.swift */; };
		8DECEFB31CBE8247007C3E7D /* AlamofireConfig.swift in Sources */ = {isa = PBXBuildFile; fileRef = 8DECEFB21CBE8247007C3E7D /* AlamofireConfig.swift */; };
/* End PBXBuildFile section */

/* Begin PBXContainerItemProxy section */
		8DEC16F81CAF2207004F87B3 /* PBXContainerItemProxy */ = {
			isa = PBXContainerItemProxy;
			containerPortal = 8DEC16DB1CAF2207004F87B3 /* Project object */;
			proxyType = 1;
			remoteGlobalIDString = 8DEC16E21CAF2207004F87B3;
			remoteInfo = Handbook;
		};
/* End PBXContainerItemProxy section */

/* Begin PBXFileReference section */
		06CF4F2EC7EFD08AD48DBBDA /* Pods-Handbook.debug.xcconfig */ = {isa = PBXFileReference; includeInIndex = 1; lastKnownFileType = text.xcconfig; name = "Pods-Handbook.debug.xcconfig"; path = "Pods/Target Support Files/Pods-Handbook/Pods-Handbook.debug.xcconfig"; sourceTree = "<group>"; };
		8DA5690C1CC4DA3800B4511E /* EmployeeCell.swift */ = {isa = PBXFileReference; fileEncoding = 4; lastKnownFileType = sourcecode.swift; name = EmployeeCell.swift; path = Handbook/EmployeeCell.swift; sourceTree = "<group>"; };
		8DA5690E1CC4DCC500B4511E /* EmployeeTableViewController.swift */ = {isa = PBXFileReference; fileEncoding = 4; lastKnownFileType = sourcecode.swift; path = EmployeeTableViewController.swift; sourceTree = "<group>"; };
		8DE4EE981CC3884800FABE5C /* Handbook-Bridging-Header.h */ = {isa = PBXFileReference; lastKnownFileType = sourcecode.c.h; name = "Handbook-Bridging-Header.h"; path = "Handbook/Handbook-Bridging-Header.h"; sourceTree = "<group>"; };
		8DE4EE9A1CC41D4B00FABE5C /* Structures.swift */ = {isa = PBXFileReference; fileEncoding = 4; lastKnownFileType = sourcecode.swift; path = Structures.swift; sourceTree = "<group>"; };
		8DEC16E31CAF2207004F87B3 /* Handbook.app */ = {isa = PBXFileReference; explicitFileType = wrapper.application; includeInIndex = 0; path = Handbook.app; sourceTree = BUILT_PRODUCTS_DIR; };
		8DEC16E61CAF2207004F87B3 /* AppDelegate.swift */ = {isa = PBXFileReference; lastKnownFileType = sourcecode.swift; path = AppDelegate.swift; sourceTree = "<group>"; };
		8DEC16EB1CAF2207004F87B3 /* Base */ = {isa = PBXFileReference; lastKnownFileType = file.storyboard; name = Base; path = Base.lproj/Main.storyboard; sourceTree = "<group>"; };
		8DEC16ED1CAF2207004F87B3 /* Assets.xcassets */ = {isa = PBXFileReference; lastKnownFileType = folder.assetcatalog; name = Assets.xcassets; path = Handbook/Assets.xcassets; sourceTree = "<group>"; };
		8DEC16F01CAF2207004F87B3 /* Base */ = {isa = PBXFileReference; lastKnownFileType = file.storyboard; name = Base; path = Base.lproj/LaunchScreen.storyboard; sourceTree = "<group>"; };
		8DEC16F21CAF2207004F87B3 /* Info.plist */ = {isa = PBXFileReference; lastKnownFileType = text.plist.xml; name = Info.plist; path = Handbook/Info.plist; sourceTree = "<group>"; };
		8DEC16F71CAF2207004F87B3 /* HandbookTests.xctest */ = {isa = PBXFileReference; explicitFileType = wrapper.cfbundle; includeInIndex = 0; path = HandbookTests.xctest; sourceTree = BUILT_PRODUCTS_DIR; };
		8DEC16FB1CAF2207004F87B3 /* HandbookTests.swift */ = {isa = PBXFileReference; lastKnownFileType = sourcecode.swift; path = HandbookTests.swift; sourceTree = "<group>"; };
		8DEC16FD1CAF2207004F87B3 /* Info.plist */ = {isa = PBXFileReference; lastKnownFileType = text.plist.xml; path = Info.plist; sourceTree = "<group>"; };
		8DEC17061CB11C09004F87B3 /* HandbookTableViewController.swift */ = {isa = PBXFileReference; fileEncoding = 4; lastKnownFileType = sourcecode.swift; path = HandbookTableViewController.swift; sourceTree = "<group>"; };
		8DEC170A1CB12EED004F87B3 /* SettingsTableViewController.swift */ = {isa = PBXFileReference; fileEncoding = 4; lastKnownFileType = sourcecode.swift; path = SettingsTableViewController.swift; sourceTree = "<group>"; };
		8DEC170F1CB137F6004F87B3 /* Misc.swift */ = {isa = PBXFileReference; fileEncoding = 4; lastKnownFileType = sourcecode.swift; path = Misc.swift; sourceTree = "<group>"; };
		8DEC17111CB139BD004F87B3 /* RegistrationViewController.swift */ = {isa = PBXFileReference; fileEncoding = 4; lastKnownFileType = sourcecode.swift; path = RegistrationViewController.swift; sourceTree = "<group>"; };
		8DEC17131CB13C9C004F87B3 /* Colors.swift */ = {isa = PBXFileReference; fileEncoding = 4; lastKnownFileType = sourcecode.swift; path = Colors.swift; sourceTree = "<group>"; };
		8DECEFB21CBE8247007C3E7D /* AlamofireConfig.swift */ = {isa = PBXFileReference; fileEncoding = 4; lastKnownFileType = sourcecode.swift; path = AlamofireConfig.swift; sourceTree = "<group>"; };
		B0DFA950594CB59724F84939 /* Pods_Handbook.framework */ = {isa = PBXFileReference; explicitFileType = wrapper.framework; includeInIndex = 0; path = Pods_Handbook.framework; sourceTree = BUILT_PRODUCTS_DIR; };
		E013B6A2E740CFE8F2D28462 /* Pods-Handbook.release.xcconfig */ = {isa = PBXFileReference; includeInIndex = 1; lastKnownFileType = text.xcconfig; name = "Pods-Handbook.release.xcconfig"; path = "Pods/Target Support Files/Pods-Handbook/Pods-Handbook.release.xcconfig"; sourceTree = "<group>"; };
/* End PBXFileReference section */

/* Begin PBXFrameworksBuildPhase section */
		8DEC16E01CAF2207004F87B3 /* Frameworks */ = {
			isa = PBXFrameworksBuildPhase;
			buildActionMask = 2147483647;
			files = (
				1D247BE0A2FF8187CE48AB19 /* Pods_Handbook.framework in Frameworks */,
			);
			runOnlyForDeploymentPostprocessing = 0;
		};
		8DEC16F41CAF2207004F87B3 /* Frameworks */ = {
			isa = PBXFrameworksBuildPhase;
			buildActionMask = 2147483647;
			files = (
			);
			runOnlyForDeploymentPostprocessing = 0;
		};
/* End PBXFrameworksBuildPhase section */

/* Begin PBXGroup section */
		458D9CCA05F8E53C17996F6D /* Pods */ = {
			isa = PBXGroup;
			children = (
				06CF4F2EC7EFD08AD48DBBDA /* Pods-Handbook.debug.xcconfig */,
				E013B6A2E740CFE8F2D28462 /* Pods-Handbook.release.xcconfig */,
			);
			name = Pods;
			sourceTree = "<group>";
		};
		542B298943716F791C80194B /* Frameworks */ = {
			isa = PBXGroup;
			children = (
				B0DFA950594CB59724F84939 /* Pods_Handbook.framework */,
			);
			name = Frameworks;
			sourceTree = "<group>";
		};
		8DEC16DA1CAF2207004F87B3 = {
			isa = PBXGroup;
			children = (
				8DEC16E51CAF2207004F87B3 /* Handbook */,
				8DEC170E1CB137E8004F87B3 /* Libraries */,
				8DECEFB11CBE8113007C3E7D /* Views */,
				8DEC16FA1CAF2207004F87B3 /* HandbookTests */,
				8DEC16E41CAF2207004F87B3 /* Products */,
				458D9CCA05F8E53C17996F6D /* Pods */,
				542B298943716F791C80194B /* Frameworks */,
			);
			sourceTree = "<group>";
		};
		8DEC16E41CAF2207004F87B3 /* Products */ = {
			isa = PBXGroup;
			children = (
				8DEC16E31CAF2207004F87B3 /* Handbook.app */,
				8DEC16F71CAF2207004F87B3 /* HandbookTests.xctest */,
			);
			name = Products;
			sourceTree = "<group>";
		};
		8DEC16E51CAF2207004F87B3 /* Handbook */ = {
			isa = PBXGroup;
			children = (
				8DEC16E61CAF2207004F87B3 /* AppDelegate.swift */,
				8DEC17111CB139BD004F87B3 /* RegistrationViewController.swift */,
				8DEC170A1CB12EED004F87B3 /* SettingsTableViewController.swift */,
				8DEC17061CB11C09004F87B3 /* HandbookTableViewController.swift */,
				8DA5690E1CC4DCC500B4511E /* EmployeeTableViewController.swift */,
			);
			path = Handbook;
			sourceTree = "<group>";
		};
		8DEC16FA1CAF2207004F87B3 /* HandbookTests */ = {
			isa = PBXGroup;
			children = (
				8DEC16FB1CAF2207004F87B3 /* HandbookTests.swift */,
				8DEC16FD1CAF2207004F87B3 /* Info.plist */,
			);
			path = HandbookTests;
			sourceTree = "<group>";
		};
		8DEC170E1CB137E8004F87B3 /* Libraries */ = {
			isa = PBXGroup;
			children = (
				8DE4EE981CC3884800FABE5C /* Handbook-Bridging-Header.h */,
				8DEC16F21CAF2207004F87B3 /* Info.plist */,
				8DEC170F1CB137F6004F87B3 /* Misc.swift */,
				8DEC17131CB13C9C004F87B3 /* Colors.swift */,
				8DECEFB21CBE8247007C3E7D /* AlamofireConfig.swift */,
				8DE4EE9A1CC41D4B00FABE5C /* Structures.swift */,
			);
			name = Libraries;
			sourceTree = "<group>";
		};
		8DECEFB11CBE8113007C3E7D /* Views */ = {
			isa = PBXGroup;
			children = (
				8DEC16EA1CAF2207004F87B3 /* Main.storyboard */,
				8DA5690C1CC4DA3800B4511E /* EmployeeCell.swift */,
				8DEC16ED1CAF2207004F87B3 /* Assets.xcassets */,
				8DEC16EF1CAF2207004F87B3 /* LaunchScreen.storyboard */,
			);
			name = Views;
			sourceTree = "<group>";
		};
/* End PBXGroup section */

/* Begin PBXNativeTarget section */
		8DEC16E21CAF2207004F87B3 /* Handbook */ = {
			isa = PBXNativeTarget;
			buildConfigurationList = 8DEC17001CAF2207004F87B3 /* Build configuration list for PBXNativeTarget "Handbook" */;
			buildPhases = (
				A43DBDBD0CAE132006017AA8 /* Check Pods Manifest.lock */,
				8DEC16DF1CAF2207004F87B3 /* Sources */,
				8DEC16E01CAF2207004F87B3 /* Frameworks */,
				8DEC16E11CAF2207004F87B3 /* Resources */,
				42A9455E04BEFD4DFC733719 /* Embed Pods Frameworks */,
				6B59FC8664116823ECFE1C7C /* Copy Pods Resources */,
				8DEC17081CB127E0004F87B3 /* Fabric */,
			);
			buildRules = (
			);
			dependencies = (
			);
			name = Handbook;
			productName = Handbook;
			productReference = 8DEC16E31CAF2207004F87B3 /* Handbook.app */;
			productType = "com.apple.product-type.application";
		};
		8DEC16F61CAF2207004F87B3 /* HandbookTests */ = {
			isa = PBXNativeTarget;
			buildConfigurationList = 8DEC17031CAF2207004F87B3 /* Build configuration list for PBXNativeTarget "HandbookTests" */;
			buildPhases = (
				8DEC16F31CAF2207004F87B3 /* Sources */,
				8DEC16F41CAF2207004F87B3 /* Frameworks */,
				8DEC16F51CAF2207004F87B3 /* Resources */,
			);
			buildRules = (
			);
			dependencies = (
				8DEC16F91CAF2207004F87B3 /* PBXTargetDependency */,
			);
			name = HandbookTests;
			productName = HandbookTests;
			productReference = 8DEC16F71CAF2207004F87B3 /* HandbookTests.xctest */;
			productType = "com.apple.product-type.bundle.unit-test";
		};
/* End PBXNativeTarget section */

/* Begin PBXProject section */
		8DEC16DB1CAF2207004F87B3 /* Project object */ = {
			isa = PBXProject;
			attributes = {
				LastSwiftUpdateCheck = 0730;
				LastUpgradeCheck = 0730;
				ORGANIZATIONNAME = ru.urfu;
				TargetAttributes = {
					8DEC16E21CAF2207004F87B3 = {
						CreatedOnToolsVersion = 7.3;
					};
					8DEC16F61CAF2207004F87B3 = {
						CreatedOnToolsVersion = 7.3;
						TestTargetID = 8DEC16E21CAF2207004F87B3;
					};
				};
			};
			buildConfigurationList = 8DEC16DE1CAF2207004F87B3 /* Build configuration list for PBXProject "Handbook" */;
			compatibilityVersion = "Xcode 3.2";
			developmentRegion = English;
			hasScannedForEncodings = 0;
			knownRegions = (
				en,
				Base,
			);
			mainGroup = 8DEC16DA1CAF2207004F87B3;
			productRefGroup = 8DEC16E41CAF2207004F87B3 /* Products */;
			projectDirPath = "";
			projectRoot = "";
			targets = (
				8DEC16E21CAF2207004F87B3 /* Handbook */,
				8DEC16F61CAF2207004F87B3 /* HandbookTests */,
			);
		};
/* End PBXProject section */

/* Begin PBXResourcesBuildPhase section */
		8DEC16E11CAF2207004F87B3 /* Resources */ = {
			isa = PBXResourcesBuildPhase;
			buildActionMask = 2147483647;
			files = (
				8DEC16F11CAF2207004F87B3 /* LaunchScreen.storyboard in Resources */,
				8DEC16EE1CAF2207004F87B3 /* Assets.xcassets in Resources */,
				8DEC16EC1CAF2207004F87B3 /* Main.storyboard in Resources */,
			);
			runOnlyForDeploymentPostprocessing = 0;
		};
		8DEC16F51CAF2207004F87B3 /* Resources */ = {
			isa = PBXResourcesBuildPhase;
			buildActionMask = 2147483647;
			files = (
			);
			runOnlyForDeploymentPostprocessing = 0;
		};
/* End PBXResourcesBuildPhase section */

/* Begin PBXShellScriptBuildPhase section */
		42A9455E04BEFD4DFC733719 /* Embed Pods Frameworks */ = {
			isa = PBXShellScriptBuildPhase;
			buildActionMask = 2147483647;
			files = (
			);
			inputPaths = (
			);
			name = "Embed Pods Frameworks";
			outputPaths = (
			);
			runOnlyForDeploymentPostprocessing = 0;
			shellPath = /bin/sh;
			shellScript = "\"${SRCROOT}/Pods/Target Support Files/Pods-Handbook/Pods-Handbook-frameworks.sh\"\n";
			showEnvVarsInLog = 0;
		};
		6B59FC8664116823ECFE1C7C /* Copy Pods Resources */ = {
			isa = PBXShellScriptBuildPhase;
			buildActionMask = 2147483647;
			files = (
			);
			inputPaths = (
			);
			name = "Copy Pods Resources";
			outputPaths = (
			);
			runOnlyForDeploymentPostprocessing = 0;
			shellPath = /bin/sh;
			shellScript = "\"${SRCROOT}/Pods/Target Support Files/Pods-Handbook/Pods-Handbook-resources.sh\"\n";
			showEnvVarsInLog = 0;
		};
		8DEC17081CB127E0004F87B3 /* Fabric */ = {
			isa = PBXShellScriptBuildPhase;
			buildActionMask = 2147483647;
			files = (
			);
			inputPaths = (
			);
			name = Fabric;
			outputPaths = (
			);
			runOnlyForDeploymentPostprocessing = 0;
			shellPath = /bin/sh;
			shellScript = "\"${PODS_ROOT}/Fabric/run\" 12b12f3bd2a6722048fe4c7d229ab146f95b4ac6 ea338f8c2c41a0a250fa3103fabd10fa4323e73cb41a89599353c62e28691bf2";
		};
		A43DBDBD0CAE132006017AA8 /* Check Pods Manifest.lock */ = {
			isa = PBXShellScriptBuildPhase;
			buildActionMask = 2147483647;
			files = (
			);
			inputPaths = (
			);
			name = "Check Pods Manifest.lock";
			outputPaths = (
			);
			runOnlyForDeploymentPostprocessing = 0;
			shellPath = /bin/sh;
			shellScript = "diff \"${PODS_ROOT}/../Podfile.lock\" \"${PODS_ROOT}/Manifest.lock\" > /dev/null\nif [[ $? != 0 ]] ; then\n    cat << EOM\nerror: The sandbox is not in sync with the Podfile.lock. Run 'pod install' or update your CocoaPods installation.\nEOM\n    exit 1\nfi\n";
			showEnvVarsInLog = 0;
		};
/* End PBXShellScriptBuildPhase section */

/* Begin PBXSourcesBuildPhase section */
		8DEC16DF1CAF2207004F87B3 /* Sources */ = {
			isa = PBXSourcesBuildPhase;
			buildActionMask = 2147483647;
			files = (
				8DEC170B1CB12EED004F87B3 /* SettingsTableViewController.swift in Sources */,
				8DEC17141CB13C9C004F87B3 /* Colors.swift in Sources */,
				8DEC17071CB11C0A004F87B3 /* HandbookTableViewController.swift in Sources */,
				8DA5690F1CC4DCC500B4511E /* EmployeeTableViewController.swift in Sources */,
				8DA5690D1CC4DA3800B4511E /* EmployeeCell.swift in Sources */,
				8DEC17101CB137F6004F87B3 /* Misc.swift in Sources */,
				8DEC16E71CAF2207004F87B3 /* AppDelegate.swift in Sources */,
				8DECEFB31CBE8247007C3E7D /* AlamofireConfig.swift in Sources */,
				8DEC17121CB139BD004F87B3 /* RegistrationViewController.swift in Sources */,
				8DE4EE9B1CC41D4B00FABE5C /* Structures.swift in Sources */,
			);
			runOnlyForDeploymentPostprocessing = 0;
		};
		8DEC16F31CAF2207004F87B3 /* Sources */ = {
			isa = PBXSourcesBuildPhase;
			buildActionMask = 2147483647;
			files = (
				8DEC16FC1CAF2207004F87B3 /* HandbookTests.swift in Sources */,
			);
			runOnlyForDeploymentPostprocessing = 0;
		};
/* End PBXSourcesBuildPhase section */

/* Begin PBXTargetDependency section */
		8DEC16F91CAF2207004F87B3 /* PBXTargetDependency */ = {
			isa = PBXTargetDependency;
			target = 8DEC16E21CAF2207004F87B3 /* Handbook */;
			targetProxy = 8DEC16F81CAF2207004F87B3 /* PBXContainerItemProxy */;
		};
/* End PBXTargetDependency section */

/* Begin PBXVariantGroup section */
		8DEC16EA1CAF2207004F87B3 /* Main.storyboard */ = {
			isa = PBXVariantGroup;
			children = (
				8DEC16EB1CAF2207004F87B3 /* Base */,
			);
			name = Main.storyboard;
			path = Handbook;
			sourceTree = "<group>";
		};
		8DEC16EF1CAF2207004F87B3 /* LaunchScreen.storyboard */ = {
			isa = PBXVariantGroup;
			children = (
				8DEC16F01CAF2207004F87B3 /* Base */,
			);
			name = LaunchScreen.storyboard;
			path = Handbook;
			sourceTree = "<group>";
		};
/* End PBXVariantGroup section */

/* Begin XCBuildConfiguration section */
		8DEC16FE1CAF2207004F87B3 /* Debug */ = {
			isa = XCBuildConfiguration;
			buildSettings = {
				ALWAYS_SEARCH_USER_PATHS = NO;
				CLANG_ANALYZER_NONNULL = YES;
				CLANG_CXX_LANGUAGE_STANDARD = "gnu++0x";
				CLANG_CXX_LIBRARY = "libc++";
				CLANG_ENABLE_MODULES = YES;
				CLANG_ENABLE_OBJC_ARC = YES;
				CLANG_WARN_BOOL_CONVERSION = YES;
				CLANG_WARN_CONSTANT_CONVERSION = YES;
				CLANG_WARN_DIRECT_OBJC_ISA_USAGE = YES_ERROR;
				CLANG_WARN_EMPTY_BODY = YES;
				CLANG_WARN_ENUM_CONVERSION = YES;
				CLANG_WARN_INT_CONVERSION = YES;
				CLANG_WARN_OBJC_ROOT_CLASS = YES_ERROR;
				CLANG_WARN_UNREACHABLE_CODE = YES;
				CLANG_WARN__DUPLICATE_METHOD_MATCH = YES;
				"CODE_SIGN_IDENTITY[sdk=iphoneos*]" = "iPhone Developer";
				COPY_PHASE_STRIP = NO;
				DEBUG_INFORMATION_FORMAT = "dwarf-with-dsym";
				ENABLE_STRICT_OBJC_MSGSEND = YES;
				ENABLE_TESTABILITY = YES;
				GCC_C_LANGUAGE_STANDARD = gnu99;
				GCC_DYNAMIC_NO_PIC = NO;
				GCC_NO_COMMON_BLOCKS = YES;
				GCC_OPTIMIZATION_LEVEL = 0;
				GCC_PREPROCESSOR_DEFINITIONS = (
					"DEBUG=1",
					"$(inherited)",
				);
				GCC_WARN_64_TO_32_BIT_CONVERSION = YES;
				GCC_WARN_ABOUT_RETURN_TYPE = YES_ERROR;
				GCC_WARN_UNDECLARED_SELECTOR = YES;
				GCC_WARN_UNINITIALIZED_AUTOS = YES_AGGRESSIVE;
				GCC_WARN_UNUSED_FUNCTION = YES;
				GCC_WARN_UNUSED_VARIABLE = YES;
				IPHONEOS_DEPLOYMENT_TARGET = 9.3;
				MTL_ENABLE_DEBUG_INFO = YES;
				ONLY_ACTIVE_ARCH = YES;
				SDKROOT = iphoneos;
				SWIFT_OBJC_BRIDGING_HEADER = "Handbook/Handbook-Bridging-Header.h";
				SWIFT_OPTIMIZATION_LEVEL = "-Onone";
			};
			name = Debug;
		};
		8DEC16FF1CAF2207004F87B3 /* Release */ = {
			isa = XCBuildConfiguration;
			buildSettings = {
				ALWAYS_SEARCH_USER_PATHS = NO;
				CLANG_ANALYZER_NONNULL = YES;
				CLANG_CXX_LANGUAGE_STANDARD = "gnu++0x";
				CLANG_CXX_LIBRARY = "libc++";
				CLANG_ENABLE_MODULES = YES;
				CLANG_ENABLE_OBJC_ARC = YES;
				CLANG_WARN_BOOL_CONVERSION = YES;
				CLANG_WARN_CONSTANT_CONVERSION = YES;
				CLANG_WARN_DIRECT_OBJC_ISA_USAGE = YES_ERROR;
				CLANG_WARN_EMPTY_BODY = YES;
				CLANG_WARN_ENUM_CONVERSION = YES;
				CLANG_WARN_INT_CONVERSION = YES;
				CLANG_WARN_OBJC_ROOT_CLASS = YES_ERROR;
				CLANG_WARN_UNREACHABLE_CODE = YES;
				CLANG_WARN__DUPLICATE_METHOD_MATCH = YES;
				"CODE_SIGN_IDENTITY[sdk=iphoneos*]" = "iPhone Developer";
				COPY_PHASE_STRIP = NO;
				DEBUG_INFORMATION_FORMAT = "dwarf-with-dsym";
				ENABLE_NS_ASSERTIONS = NO;
				ENABLE_STRICT_OBJC_MSGSEND = YES;
				GCC_C_LANGUAGE_STANDARD = gnu99;
				GCC_NO_COMMON_BLOCKS = YES;
				GCC_WARN_64_TO_32_BIT_CONVERSION = YES;
				GCC_WARN_ABOUT_RETURN_TYPE = YES_ERROR;
				GCC_WARN_UNDECLARED_SELECTOR = YES;
				GCC_WARN_UNINITIALIZED_AUTOS = YES_AGGRESSIVE;
				GCC_WARN_UNUSED_FUNCTION = YES;
				GCC_WARN_UNUSED_VARIABLE = YES;
				IPHONEOS_DEPLOYMENT_TARGET = 9.3;
				MTL_ENABLE_DEBUG_INFO = NO;
				SDKROOT = iphoneos;
				SWIFT_OBJC_BRIDGING_HEADER = "Handbook/Handbook-Bridging-Header.h";
				VALIDATE_PRODUCT = YES;
			};
			name = Release;
		};
		8DEC17011CAF2207004F87B3 /* Debug */ = {
			isa = XCBuildConfiguration;
			baseConfigurationReference = 06CF4F2EC7EFD08AD48DBBDA /* Pods-Handbook.debug.xcconfig */;
			buildSettings = {
				ASSETCATALOG_COMPILER_APPICON_NAME = AppIcon;
				CLANG_ENABLE_MODULES = YES;
				FRAMEWORK_SEARCH_PATHS = (
					"$(inherited)",
					"\"${PODS_ROOT}/Crashlytics/iOS\"",
					"\"${PODS_ROOT}/Digits/iOS\"",
					"\"${PODS_ROOT}/Fabric/iOS\"",
					"\"${PODS_ROOT}/\"/**",
					"\"${PODS_ROOT}/TwitterCore/iOS\"",
				);
				INFOPLIST_FILE = Handbook/Info.plist;
				LD_RUNPATH_SEARCH_PATHS = "$(inherited) @executable_path/Frameworks";
				PRODUCT_BUNDLE_IDENTIFIER = ru.urfu.diplom.Handbook;
				PRODUCT_NAME = "$(TARGET_NAME)";
				SWIFT_OBJC_BRIDGING_HEADER = "Handbook/Handbook-Bridging-Header.h";
				SWIFT_OPTIMIZATION_LEVEL = "-Onone";
				USER_HEADER_SEARCH_PATHS = "\"${PODS_ROOT}/\"/**";
			};
			name = Debug;
		};
		8DEC17021CAF2207004F87B3 /* Release */ = {
			isa = XCBuildConfiguration;
			baseConfigurationReference = E013B6A2E740CFE8F2D28462 /* Pods-Handbook.release.xcconfig */;
			buildSettings = {
				ASSETCATALOG_COMPILER_APPICON_NAME = AppIcon;
				CLANG_ENABLE_MODULES = YES;
				FRAMEWORK_SEARCH_PATHS = (
					"$(inherited)",
					"\"${PODS_ROOT}/Crashlytics/iOS\"",
					"\"${PODS_ROOT}/Digits/iOS\"",
					"\"${PODS_ROOT}/Fabric/iOS\"",
					"\"${PODS_ROOT}/\"/**",
					"\"${PODS_ROOT}/TwitterCore/iOS\"",
				);
				INFOPLIST_FILE = Handbook/Info.plist;
				LD_RUNPATH_SEARCH_PATHS = "$(inherited) @executable_path/Frameworks";
				PRODUCT_BUNDLE_IDENTIFIER = ru.urfu.diplom.Handbook;
				PRODUCT_NAME = "$(TARGET_NAME)";
				SWIFT_OBJC_BRIDGING_HEADER = "Handbook/Handbook-Bridging-Header.h";
				USER_HEADER_SEARCH_PATHS = "\"${PODS_ROOT}/\"/**";
			};
			name = Release;
		};
		8DEC17041CAF2207004F87B3 /* Debug */ = {
			isa = XCBuildConfiguration;
			buildSettings = {
				BUNDLE_LOADER = "$(TEST_HOST)";
				INFOPLIST_FILE = HandbookTests/Info.plist;
				LD_RUNPATH_SEARCH_PATHS = "$(inherited) @executable_path/Frameworks @loader_path/Frameworks";
				PRODUCT_BUNDLE_IDENTIFIER = ru.urfu.diplom.HandbookTests;
				PRODUCT_NAME = "$(TARGET_NAME)";
				TEST_HOST = "$(BUILT_PRODUCTS_DIR)/Handbook.app/Handbook";
			};
			name = Debug;
		};
		8DEC17051CAF2207004F87B3 /* Release */ = {
			isa = XCBuildConfiguration;
			buildSettings = {
				BUNDLE_LOADER = "$(TEST_HOST)";
				INFOPLIST_FILE = HandbookTests/Info.plist;
				LD_RUNPATH_SEARCH_PATHS = "$(inherited) @executable_path/Frameworks @loader_path/Frameworks";
				PRODUCT_BUNDLE_IDENTIFIER = ru.urfu.diplom.HandbookTests;
				PRODUCT_NAME = "$(TARGET_NAME)";
				TEST_HOST = "$(BUILT_PRODUCTS_DIR)/Handbook.app/Handbook";
			};
			name = Release;
		};
/* End XCBuildConfiguration section */

/* Begin XCConfigurationList section */
		8DEC16DE1CAF2207004F87B3 /* Build configuration list for PBXProject "Handbook" */ = {
			isa = XCConfigurationList;
			buildConfigurations = (
				8DEC16FE1CAF2207004F87B3 /* Debug */,
				8DEC16FF1CAF2207004F87B3 /* Release */,
			);
			defaultConfigurationIsVisible = 0;
			defaultConfigurationName = Release;
		};
		8DEC17001CAF2207004F87B3 /* Build configuration list for PBXNativeTarget "Handbook" */ = {
			isa = XCConfigurationList;
			buildConfigurations = (
				8DEC17011CAF2207004F87B3 /* Debug */,
				8DEC17021CAF2207004F87B3 /* Release */,
			);
			defaultConfigurationIsVisible = 0;
			defaultConfigurationName = Release;
		};
		8DEC17031CAF2207004F87B3 /* Build configuration list for PBXNativeTarget "HandbookTests" */ = {
			isa = XCConfigurationList;
			buildConfigurations = (
				8DEC17041CAF2207004F87B3 /* Debug */,
				8DEC17051CAF2207004F87B3 /* Release */,
			);
			defaultConfigurationIsVisible = 0;
			defaultConfigurationName = Release;
		};
/* End XCConfigurationList section */
	};
	rootObject = 8DEC16DB1CAF2207004F87B3 /* Project object */;
}
